// !$*UTF8*$!
{
	archiveVersion = 1;
	classes = {
	};
	objectVersion = 50;
	objects = {

/* Begin PBXBuildFile section */
		F513AFCF26E2045F00CDCFA2 /* AppDelegate.swift in Sources */ = {isa = PBXBuildFile; fileRef = F513AFCE26E2045F00CDCFA2 /* AppDelegate.swift */; };
		F513AFD126E2045F00CDCFA2 /* SceneDelegate.swift in Sources */ = {isa = PBXBuildFile; fileRef = F513AFD026E2045F00CDCFA2 /* SceneDelegate.swift */; };
		F513AFD326E2045F00CDCFA2 /* ContentView.swift in Sources */ = {isa = PBXBuildFile; fileRef = F513AFD226E2045F00CDCFA2 /* ContentView.swift */; };
		F513AFD526E2046400CDCFA2 /* Assets.xcassets in Resources */ = {isa = PBXBuildFile; fileRef = F513AFD426E2046400CDCFA2 /* Assets.xcassets */; };
		F513AFD826E2046400CDCFA2 /* Preview Assets.xcassets in Resources */ = {isa = PBXBuildFile; fileRef = F513AFD726E2046400CDCFA2 /* Preview Assets.xcassets */; };
		F513AFDB26E2046400CDCFA2 /* LaunchScreen.storyboard in Resources */ = {isa = PBXBuildFile; fileRef = F513AFD926E2046400CDCFA2 /* LaunchScreen.storyboard */; };
		F5F44E8226E460480003FF00 /* WeatherButton.swift in Sources */ = {isa = PBXBuildFile; fileRef = F5F44E8126E460480003FF00 /* WeatherButton.swift */; };
		F5F44E8426E477390003FF00 /* WeatherData.swift in Sources */ = {isa = PBXBuildFile; fileRef = F5F44E8326E477390003FF00 /* WeatherData.swift */; };
		F5F44E8C26E47A5D0003FF00 /* WeatherError.swift in Sources */ = {isa = PBXBuildFile; fileRef = F5F44E8B26E47A5D0003FF00 /* WeatherError.swift */; };
/* End PBXBuildFile section */

/* Begin PBXFileReference section */
		F513AFCB26E2045F00CDCFA2 /* SwiftUI_Weather.app */ = {isa = PBXFileReference; explicitFileType = wrapper.application; includeInIndex = 0; path = SwiftUI_Weather.app; sourceTree = BUILT_PRODUCTS_DIR; };
		F513AFCE26E2045F00CDCFA2 /* AppDelegate.swift */ = {isa = PBXFileReference; lastKnownFileType = sourcecode.swift; path = AppDelegate.swift; sourceTree = "<group>"; };
		F513AFD026E2045F00CDCFA2 /* SceneDelegate.swift */ = {isa = PBXFileReference; lastKnownFileType = sourcecode.swift; path = SceneDelegate.swift; sourceTree = "<group>"; };
		F513AFD226E2045F00CDCFA2 /* ContentView.swift */ = {isa = PBXFileReference; lastKnownFileType = sourcecode.swift; path = ContentView.swift; sourceTree = "<group>"; };
		F513AFD426E2046400CDCFA2 /* Assets.xcassets */ = {isa = PBXFileReference; lastKnownFileType = folder.assetcatalog; path = Assets.xcassets; sourceTree = "<group>"; };
		F513AFD726E2046400CDCFA2 /* Preview Assets.xcassets */ = {isa = PBXFileReference; lastKnownFileType = folder.assetcatalog; path = "Preview Assets.xcassets"; sourceTree = "<group>"; };
		F513AFDA26E2046400CDCFA2 /* Base */ = {isa = PBXFileReference; lastKnownFileType = file.storyboard; name = Base; path = Base.lproj/LaunchScreen.storyboard; sourceTree = "<group>"; };
		F513AFDC26E2046400CDCFA2 /* Info.plist */ = {isa = PBXFileReference; lastKnownFileType = text.plist.xml; path = Info.plist; sourceTree = "<group>"; };
		F5F44E8126E460480003FF00 /* WeatherButton.swift */ = {isa = PBXFileReference; lastKnownFileType = sourcecode.swift; path = WeatherButton.swift; sourceTree = "<group>"; };
		F5F44E8326E477390003FF00 /* WeatherData.swift */ = {isa = PBXFileReference; lastKnownFileType = sourcecode.swift; path = WeatherData.swift; sourceTree = "<group>"; };
		F5F44E8B26E47A5D0003FF00 /* WeatherError.swift */ = {isa = PBXFileReference; lastKnownFileType = sourcecode.swift; path = WeatherError.swift; sourceTree = "<group>"; };
/* End PBXFileReference section */

/* Begin PBXFrameworksBuildPhase section */
		F513AFC826E2045F00CDCFA2 /* Frameworks */ = {
			isa = PBXFrameworksBuildPhase;
			buildActionMask = 2147483647;
			files = (
			);
			runOnlyForDeploymentPostprocessing = 0;
		};
/* End PBXFrameworksBuildPhase section */

/* Begin PBXGroup section */
		F513AFC226E2045F00CDCFA2 = {
			isa = PBXGroup;
			children = (
				F513AFCD26E2045F00CDCFA2 /* SwiftUI_Weather */,
				F513AFCC26E2045F00CDCFA2 /* Products */,
			);
			sourceTree = "<group>";
		};
		F513AFCC26E2045F00CDCFA2 /* Products */ = {
			isa = PBXGroup;
			children = (
				F513AFCB26E2045F00CDCFA2 /* SwiftUI_Weather.app */,
			);
			name = Products;
			sourceTree = "<group>";
		};
		F513AFCD26E2045F00CDCFA2 /* SwiftUI_Weather */ = {
			isa = PBXGroup;
			children = (
				F5F44E8A26E47A390003FF00 /* Utilities */,
				F5F44E8726E477720003FF00 /* Custom views */,
				F5F44E8626E477620003FF00 /* Manager */,
				F5F44E8526E4775B0003FF00 /* Model */,
				F513AFCE26E2045F00CDCFA2 /* AppDelegate.swift */,
				F513AFD026E2045F00CDCFA2 /* SceneDelegate.swift */,
				F513AFD226E2045F00CDCFA2 /* ContentView.swift */,
				F513AFD426E2046400CDCFA2 /* Assets.xcassets */,
				F513AFD926E2046400CDCFA2 /* LaunchScreen.storyboard */,
				F513AFDC26E2046400CDCFA2 /* Info.plist */,
				F513AFD626E2046400CDCFA2 /* Preview Content */,
			);
			path = SwiftUI_Weather;
			sourceTree = "<group>";
		};
		F513AFD626E2046400CDCFA2 /* Preview Content */ = {
			isa = PBXGroup;
			children = (
				F513AFD726E2046400CDCFA2 /* Preview Assets.xcassets */,
			);
			path = "Preview Content";
			sourceTree = "<group>";
		};
		F5F44E8526E4775B0003FF00 /* Model */ = {
			isa = PBXGroup;
			children = (
				F5F44E8326E477390003FF00 /* WeatherData.swift */,
			);
			path = Model;
			sourceTree = "<group>";
		};
		F5F44E8626E477620003FF00 /* Manager */ = {
			isa = PBXGroup;
			children = (
			);
			path = Manager;
			sourceTree = "<group>";
		};
		F5F44E8726E477720003FF00 /* Custom views */ = {
			isa = PBXGroup;
			children = (
				F5F44E8126E460480003FF00 /* WeatherButton.swift */,
			);
			path = "Custom views";
			sourceTree = "<group>";
		};
		F5F44E8A26E47A390003FF00 /* Utilities */ = {
			isa = PBXGroup;
			children = (
				F5F44E8B26E47A5D0003FF00 /* WeatherError.swift */,
			);
			path = Utilities;
			sourceTree = "<group>";
		};
/* End PBXGroup section */

/* Begin PBXNativeTarget section */
		F513AFCA26E2045F00CDCFA2 /* SwiftUI_Weather */ = {
			isa = PBXNativeTarget;
			buildConfigurationList = F513AFDF26E2046400CDCFA2 /* Build configuration list for PBXNativeTarget "SwiftUI_Weather" */;
			buildPhases = (
				F513AFC726E2045F00CDCFA2 /* Sources */,
				F513AFC826E2045F00CDCFA2 /* Frameworks */,
				F513AFC926E2045F00CDCFA2 /* Resources */,
			);
			buildRules = (
			);
			dependencies = (
			);
			name = SwiftUI_Weather;
			productName = SwiftUI_Weather;
			productReference = F513AFCB26E2045F00CDCFA2 /* SwiftUI_Weather.app */;
			productType = "com.apple.product-type.application";
		};
/* End PBXNativeTarget section */

/* Begin PBXProject section */
		F513AFC326E2045F00CDCFA2 /* Project object */ = {
			isa = PBXProject;
			attributes = {
				LastSwiftUpdateCheck = 1250;
				LastUpgradeCheck = 1250;
				TargetAttributes = {
					F513AFCA26E2045F00CDCFA2 = {
						CreatedOnToolsVersion = 12.5.1;
					};
				};
			};
			buildConfigurationList = F513AFC626E2045F00CDCFA2 /* Build configuration list for PBXProject "SwiftUI_Weather" */;
			compatibilityVersion = "Xcode 9.3";
			developmentRegion = en;
			hasScannedForEncodings = 0;
			knownRegions = (
				en,
				Base,
			);
			mainGroup = F513AFC226E2045F00CDCFA2;
			productRefGroup = F513AFCC26E2045F00CDCFA2 /* Products */;
			projectDirPath = "";
			projectRoot = "";
			targets = (
				F513AFCA26E2045F00CDCFA2 /* SwiftUI_Weather */,
			);
		};
/* End PBXProject section */

/* Begin PBXResourcesBuildPhase section */
		F513AFC926E2045F00CDCFA2 /* Resources */ = {
			isa = PBXResourcesBuildPhase;
			buildActionMask = 2147483647;
			files = (
				F513AFDB26E2046400CDCFA2 /* LaunchScreen.storyboard in Resources */,
				F513AFD826E2046400CDCFA2 /* Preview Assets.xcassets in Resources */,
				F513AFD526E2046400CDCFA2 /* Assets.xcassets in Resources */,
			);
			runOnlyForDeploymentPostprocessing = 0;
		};
/* End PBXResourcesBuildPhase section */

/* Begin PBXSourcesBuildPhase section */
		F513AFC726E2045F00CDCFA2 /* Sources */ = {
			isa = PBXSourcesBuildPhase;
			buildActionMask = 2147483647;
			files = (
				F513AFCF26E2045F00CDCFA2 /* AppDelegate.swift in Sources */,
				F5F44E8426E477390003FF00 /* WeatherData.swift in Sources */,
				F513AFD126E2045F00CDCFA2 /* SceneDelegate.swift in Sources */,
				F5F44E8226E460480003FF00 /* WeatherButton.swift in Sources */,
				F513AFD326E2045F00CDCFA2 /* ContentView.swift in Sources */,
				F5F44E8C26E47A5D0003FF00 /* WeatherError.swift in Sources */,
			);
			runOnlyForDeploymentPostprocessing = 0;
		};
/* End PBXSourcesBuildPhase section */

/* Begin PBXVariantGroup section */
		F513AFD926E2046400CDCFA2 /* LaunchScreen.storyboard */ = {
			isa = PBXVariantGroup;
			children = (
				F513AFDA26E2046400CDCFA2 /* Base */,
			);
			name = LaunchScreen.storyboard;
			sourceTree = "<group>";
		};
/* End PBXVariantGroup section */

/* Begin XCBuildConfiguration section */
		F513AFDD26E2046400CDCFA2 /* Debug */ = {
			isa = XCBuildConfiguration;
			buildSettings = {
				ALWAYS_SEARCH_USER_PATHS = NO;
				CLANG_ANALYZER_NONNULL = YES;
				CLANG_ANALYZER_NUMBER_OBJECT_CONVERSION = YES_AGGRESSIVE;
				CLANG_CXX_LANGUAGE_STANDARD = "gnu++14";
				CLANG_CXX_LIBRARY = "libc++";
				CLANG_ENABLE_MODULES = YES;
				CLANG_ENABLE_OBJC_ARC = YES;
				CLANG_ENABLE_OBJC_WEAK = YES;
				CLANG_WARN_BLOCK_CAPTURE_AUTORELEASING = YES;
				CLANG_WARN_BOOL_CONVERSION = YES;
				CLANG_WARN_COMMA = YES;
				CLANG_WARN_CONSTANT_CONVERSION = YES;
				CLANG_WARN_DEPRECATED_OBJC_IMPLEMENTATIONS = YES;
				CLANG_WARN_DIRECT_OBJC_ISA_USAGE = YES_ERROR;
				CLANG_WARN_DOCUMENTATION_COMMENTS = YES;
				CLANG_WARN_EMPTY_BODY = YES;
				CLANG_WARN_ENUM_CONVERSION = YES;
				CLANG_WARN_INFINITE_RECURSION = YES;
				CLANG_WARN_INT_CONVERSION = YES;
				CLANG_WARN_NON_LITERAL_NULL_CONVERSION = YES;
				CLANG_WARN_OBJC_IMPLICIT_RETAIN_SELF = YES;
				CLANG_WARN_OBJC_LITERAL_CONVERSION = YES;
				CLANG_WARN_OBJC_ROOT_CLASS = YES_ERROR;
				CLANG_WARN_QUOTED_INCLUDE_IN_FRAMEWORK_HEADER = YES;
				CLANG_WARN_RANGE_LOOP_ANALYSIS = YES;
				CLANG_WARN_STRICT_PROTOTYPES = YES;
				CLANG_WARN_SUSPICIOUS_MOVE = YES;
				CLANG_WARN_UNGUARDED_AVAILABILITY = YES_AGGRESSIVE;
				CLANG_WARN_UNREACHABLE_CODE = YES;
				CLANG_WARN__DUPLICATE_METHOD_MATCH = YES;
				COPY_PHASE_STRIP = NO;
				DEBUG_INFORMATION_FORMAT = dwarf;
				ENABLE_STRICT_OBJC_MSGSEND = YES;
				ENABLE_TESTABILITY = YES;
				GCC_C_LANGUAGE_STANDARD = gnu11;
				GCC_DYNAMIC_NO_PIC = NO;
				GCC_NO_COMMON_BLOCKS = YES;
				GCC_OPTIMIZATION_LEVEL = 0;
				GCC_PREPROCESSOR_DEFINITIONS = (
					"DEBUG=1",
					"$(inherited)",
				);
				GCC_WARN_64_TO_32_BIT_CONVERSION = YES;
				GCC_WARN_ABOUT_RETURN_TYPE = YES_ERROR;
				GCC_WARN_UNDECLARED_SELECTOR = YES;
				GCC_WARN_UNINITIALIZED_AUTOS = YES_AGGRESSIVE;
				GCC_WARN_UNUSED_FUNCTION = YES;
				GCC_WARN_UNUSED_VARIABLE = YES;
				IPHONEOS_DEPLOYMENT_TARGET = 14.5;
				MTL_ENABLE_DEBUG_INFO = INCLUDE_SOURCE;
				MTL_FAST_MATH = YES;
				ONLY_ACTIVE_ARCH = YES;
				SDKROOT = iphoneos;
				SWIFT_ACTIVE_COMPILATION_CONDITIONS = DEBUG;
				SWIFT_OPTIMIZATION_LEVEL = "-Onone";
			};
			name = Debug;
		};
		F513AFDE26E2046400CDCFA2 /* Release */ = {
			isa = XCBuildConfiguration;
			buildSettings = {
				ALWAYS_SEARCH_USER_PATHS = NO;
				CLANG_ANALYZER_NONNULL = YES;
				CLANG_ANALYZER_NUMBER_OBJECT_CONVERSION = YES_AGGRESSIVE;
				CLANG_CXX_LANGUAGE_STANDARD = "gnu++14";
				CLANG_CXX_LIBRARY = "libc++";
				CLANG_ENABLE_MODULES = YES;
				CLANG_ENABLE_OBJC_ARC = YES;
				CLANG_ENABLE_OBJC_WEAK = YES;
				CLANG_WARN_BLOCK_CAPTURE_AUTORELEASING = YES;
				CLANG_WARN_BOOL_CONVERSION = YES;
				CLANG_WARN_COMMA = YES;
				CLANG_WARN_CONSTANT_CONVERSION = YES;
				CLANG_WARN_DEPRECATED_OBJC_IMPLEMENTATIONS = YES;
				CLANG_WARN_DIRECT_OBJC_ISA_USAGE = YES_ERROR;
				CLANG_WARN_DOCUMENTATION_COMMENTS = YES;
				CLANG_WARN_EMPTY_BODY = YES;
				CLANG_WARN_ENUM_CONVERSION = YES;
				CLANG_WARN_INFINITE_RECURSION = YES;
				CLANG_WARN_INT_CONVERSION = YES;
				CLANG_WARN_NON_LITERAL_NULL_CONVERSION = YES;
				CLANG_WARN_OBJC_IMPLICIT_RETAIN_SELF = YES;
				CLANG_WARN_OBJC_LITERAL_CONVERSION = YES;
				CLANG_WARN_OBJC_ROOT_CLASS = YES_ERROR;
				CLANG_WARN_QUOTED_INCLUDE_IN_FRAMEWORK_HEADER = YES;
				CLANG_WARN_RANGE_LOOP_ANALYSIS = YES;
				CLANG_WARN_STRICT_PROTOTYPES = YES;
				CLANG_WARN_SUSPICIOUS_MOVE = YES;
				CLANG_WARN_UNGUARDED_AVAILABILITY = YES_AGGRESSIVE;
				CLANG_WARN_UNREACHABLE_CODE = YES;
				CLANG_WARN__DUPLICATE_METHOD_MATCH = YES;
				COPY_PHASE_STRIP = NO;
				DEBUG_INFORMATION_FORMAT = "dwarf-with-dsym";
				ENABLE_NS_ASSERTIONS = NO;
				ENABLE_STRICT_OBJC_MSGSEND = YES;
				GCC_C_LANGUAGE_STANDARD = gnu11;
				GCC_NO_COMMON_BLOCKS = YES;
				GCC_WARN_64_TO_32_BIT_CONVERSION = YES;
				GCC_WARN_ABOUT_RETURN_TYPE = YES_ERROR;
				GCC_WARN_UNDECLARED_SELECTOR = YES;
				GCC_WARN_UNINITIALIZED_AUTOS = YES_AGGRESSIVE;
				GCC_WARN_UNUSED_FUNCTION = YES;
				GCC_WARN_UNUSED_VARIABLE = YES;
				IPHONEOS_DEPLOYMENT_TARGET = 14.5;
				MTL_ENABLE_DEBUG_INFO = NO;
				MTL_FAST_MATH = YES;
				SDKROOT = iphoneos;
				SWIFT_COMPILATION_MODE = wholemodule;
				SWIFT_OPTIMIZATION_LEVEL = "-O";
				VALIDATE_PRODUCT = YES;
			};
			name = Release;
		};
		F513AFE026E2046400CDCFA2 /* Debug */ = {
			isa = XCBuildConfiguration;
			buildSettings = {
				ASSETCATALOG_COMPILER_APPICON_NAME = AppIcon;
				ASSETCATALOG_COMPILER_GLOBAL_ACCENT_COLOR_NAME = AccentColor;
				CODE_SIGN_STYLE = Automatic;
				DEVELOPMENT_ASSET_PATHS = "\"SwiftUI_Weather/Preview Content\"";
				DEVELOPMENT_TEAM = 8GYH8TXH77;
				ENABLE_PREVIEWS = YES;
				INFOPLIST_FILE = SwiftUI_Weather/Info.plist;
				LD_RUNPATH_SEARCH_PATHS = (
					"$(inherited)",
					"@executable_path/Frameworks",
				);
				PRODUCT_BUNDLE_IDENTIFIER = "VApps.SwiftUI-Weather";
				PRODUCT_NAME = "$(TARGET_NAME)";
				SWIFT_VERSION = 5.0;
				TARGETED_DEVICE_FAMILY = "1,2";
			};
			name = Debug;
		};
		F513AFE126E2046400CDCFA2 /* Release */ = {
			isa = XCBuildConfiguration;
			buildSettings = {
				ASSETCATALOG_COMPILER_APPICON_NAME = AppIcon;
				ASSETCATALOG_COMPILER_GLOBAL_ACCENT_COLOR_NAME = AccentColor;
				CODE_SIGN_STYLE = Automatic;
				DEVELOPMENT_ASSET_PATHS = "\"SwiftUI_Weather/Preview Content\"";
				DEVELOPMENT_TEAM = 8GYH8TXH77;
				ENABLE_PREVIEWS = YES;
				INFOPLIST_FILE = SwiftUI_Weather/Info.plist;
				LD_RUNPATH_SEARCH_PATHS = (
					"$(inherited)",
					"@executable_path/Frameworks",
				);
				PRODUCT_BUNDLE_IDENTIFIER = "VApps.SwiftUI-Weather";
				PRODUCT_NAME = "$(TARGET_NAME)";
				SWIFT_VERSION = 5.0;
				TARGETED_DEVICE_FAMILY = "1,2";
			};
			name = Release;
		};
/* End XCBuildConfiguration section */

/* Begin XCConfigurationList section */
		F513AFC626E2045F00CDCFA2 /* Build configuration list for PBXProject "SwiftUI_Weather" */ = {
			isa = XCConfigurationList;
			buildConfigurations = (
				F513AFDD26E2046400CDCFA2 /* Debug */,
				F513AFDE26E2046400CDCFA2 /* Release */,
			);
			defaultConfigurationIsVisible = 0;
			defaultConfigurationName = Release;
		};
		F513AFDF26E2046400CDCFA2 /* Build configuration list for PBXNativeTarget "SwiftUI_Weather" */ = {
			isa = XCConfigurationList;
			buildConfigurations = (
				F513AFE026E2046400CDCFA2 /* Debug */,
				F513AFE126E2046400CDCFA2 /* Release */,
			);
			defaultConfigurationIsVisible = 0;
			defaultConfigurationName = Release;
		};
/* End XCConfigurationList section */
	};
	rootObject = F513AFC326E2045F00CDCFA2 /* Project object */;
}
